
Microsoft Visual Studio Solution File, Format Version 12.00
# Visual Studio Version 17
VisualStudioVersion = 17.14.37012.4 d17.14
MinimumVisualStudioVersion = 10.0.40219.1
Project("{FAE04EC0-301F-11D3-BF4B-00C04F79EFBC}") = "BulkyWeb", "BulkyWeb\BulkyWeb.csproj", "{CEF6430F-99A0-48DA-A8A2-CF2F5F6B52A2}"
EndProject
Global
	GlobalSection(SolutionConfigurationPlatforms) = preSolution
		Debug|Any CPU = Debug|Any CPU
		Release|Any CPU = Release|Any CPU
	EndGlobalSection
	GlobalSection(ProjectConfigurationPlatforms) = postSolution
		{CEF6430F-99A0-48DA-A8A2-CF2F5F6B52A2}.Debug|Any CPU.ActiveCfg = Debug|Any CPU
		{CEF6430F-99A0-48DA-A8A2-CF2F5F6B52A2}.Debug|Any CPU.Build.0 = Debug|Any CPU
		{CEF6430F-99A0-48DA-A8A2-CF2F5F6B52A2}.Release|Any CPU.ActiveCfg = Release|Any CPU
		{CEF6430F-99A0-48DA-A8A2-CF2F5F6B52A2}.Release|Any CPU.Build.0 = Release|Any CPU
	EndGlobalSection
	GlobalSection(SolutionProperties) = preSolution
		HideSolutionNode = FALSE
	EndGlobalSection
	GlobalSection(ExtensibilityGlobals) = postSolution
		SolutionGuid = {521E9FEB-8BB9-486D-9B40-E5CA34EC4B2C}
	EndGlobalSection
EndGlobal
